<?xml version="1.0" encoding="utf-8"?>
<Project ToolsVersion="4.0" xmlns="http://schemas.microsoft.com/developer/msbuild/2003">
  <ItemGroup>
    <Filter Include="..">
      <UniqueIdentifier>{61705900-4DFC-870B-B6AA-880BA255880B}</UniqueIdentifier>
    </Filter>
    <Filter Include="..\..">
      <UniqueIdentifier>{CC6E590B-3883-81BC-0105-251C6DD87DED}</UniqueIdentifier>
    </Filter>
    <Filter Include="..\..\..">
      <UniqueIdentifier>{57597B35-4326-D640-6C3F-C4E8586B0BCF}</UniqueIdentifier>
    </Filter>
    <Filter Include="..\..\..\Dependencies">
      <UniqueIdentifier>{4D8A3BF0-B9F6-F6EA-82EA-8E48EE151953}</UniqueIdentifier>
    </Filter>
    <Filter Include="..\..\..\Dependencies\ImGui">
      <UniqueIdentifier>{37C5876F-A3D2-B555-2CB9-B14098C5810C}</UniqueIdentifier>
    </Filter>
    <Filter Include="..\..\..\Dependencies\SDL">
      <UniqueIdentifier>{BF187D5C-2BDB-B0E6-748B-3F73E08C89C4}</UniqueIdentifier>
    </Filter>
    <Filter Include="..\..\..\Dependencies\SDL\examples">
      <UniqueIdentifier>{4DADF052-39E9-F3BC-A2FB-0BB48E569CD7}</UniqueIdentifier>
    </Filter>
    <Filter Include="..\..\..\Dependencies\SDL\premake">
      <UniqueIdentifier>{3344CB3B-9FB2-20BB-E89B-DBBA54491657}</UniqueIdentifier>
    </Filter>
    <Filter Include="..\..\..\Dependencies\SDL_shadercross">
      <UniqueIdentifier>{7F25CDB4-EBE9-CBA4-B44F-FC6E20D367DA}</UniqueIdentifier>
    </Filter>
    <Filter Include="..\..\..\Dependencies\SDL_shadercross\external">
      <UniqueIdentifier>{B172BDB7-9DF0-0D51-86E8-CBE872055079}</UniqueIdentifier>
    </Filter>
    <Filter Include="..\..\..\Dependencies\SDL_shadercross\external\DirectXShaderCompiler">
      <UniqueIdentifier>{2513DFB9-11AA-216F-BA5E-986FA6D4E749}</UniqueIdentifier>
    </Filter>
    <Filter Include="..\..\..\Dependencies\SDL_shadercross\external\DirectXShaderCompiler\external">
      <UniqueIdentifier>{171B2467-833B-6D11-4C3E-A80FB81DE980}</UniqueIdentifier>
    </Filter>
    <Filter Include="..\..\..\Dependencies\SDL_shadercross\external\DirectXShaderCompiler\external\SPIRV-Headers">
      <UniqueIdentifier>{63960AC8-CF03-EE0D-58B2-5999C41E5755}</UniqueIdentifier>
    </Filter>
    <Filter Include="..\..\..\Dependencies\SDL_shadercross\external\DirectXShaderCompiler\external\SPIRV-Headers\include">
      <UniqueIdentifier>{D670ED22-428A-6DBC-CBB1-3F6E37CA687B}</UniqueIdentifier>
    </Filter>
    <Filter Include="..\..\..\Dependencies\SDL_shadercross\external\DirectXShaderCompiler\external\SPIRV-Headers\include\spirv">
      <UniqueIdentifier>{19E9722A-8563-73CD-CE4D-F1653A071EDD}</UniqueIdentifier>
    </Filter>
    <Filter Include="..\..\..\Dependencies\SDL_shadercross\external\DirectXShaderCompiler\external\SPIRV-Headers\include\spirv\1.0">
      <UniqueIdentifier>{F7699E8D-633A-EE57-2C21-7A7698B0FDBE}</UniqueIdentifier>
    </Filter>
    <Filter Include="..\..\..\Dependencies\SDL_shadercross\external\DirectXShaderCompiler\external\SPIRV-Headers\include\spirv\1.1">
      <UniqueIdentifier>{F8699E8D-643A-EE57-2D21-7A7699B0FDBE}</UniqueIdentifier>
    </Filter>
    <Filter Include="..\..\..\Dependencies\SDL_shadercross\external\DirectXShaderCompiler\external\SPIRV-Headers\include\spirv\1.2">
      <UniqueIdentifier>{F9699E8D-653A-EE57-2E21-7A769AB0FDBE}</UniqueIdentifier>
    </Filter>
    <Filter Include="..\..\..\Dependencies\SDL_shadercross\external\DirectXShaderCompiler\external\SPIRV-Headers\include\spirv\unified1">
      <UniqueIdentifier>{1D16A57A-090A-443B-7296-0C805EA90E20}</UniqueIdentifier>
    </Filter>
    <Filter Include="..\..\..\Dependencies\SDL_shadercross\external\SPIRV-Headers">
      <UniqueIdentifier>{7D33A82F-699E-683B-12BA-CDA0FE032C1E}</UniqueIdentifier>
    </Filter>
    <Filter Include="..\..\..\Dependencies\SDL_shadercross\external\SPIRV-Headers\include">
      <UniqueIdentifier>{F0877BFD-DC1E-BEB2-85D3-34B37149848D}</UniqueIdentifier>
    </Filter>
    <Filter Include="..\..\..\Dependencies\SDL_shadercross\external\SPIRV-Headers\include\spirv">
      <UniqueIdentifier>{B36B6084-9F83-6B39-0853-4BFEF4894E6C}</UniqueIdentifier>
    </Filter>
    <Filter Include="..\..\..\Dependencies\SDL_shadercross\external\SPIRV-Headers\include\spirv\1.0">
      <UniqueIdentifier>{91A95F51-7DD7-CC44-6633-680A5200C5A3}</UniqueIdentifier>
    </Filter>
    <Filter Include="..\..\..\Dependencies\SDL_shadercross\external\SPIRV-Headers\include\spirv\1.1">
      <UniqueIdentifier>{92A95F51-7ED7-CC44-6733-680A5300C5A3}</UniqueIdentifier>
    </Filter>
    <Filter Include="..\..\..\Dependencies\SDL_shadercross\external\SPIRV-Headers\include\spirv\1.2">
      <UniqueIdentifier>{93A95F51-7FD7-CC44-6833-680A5400C5A3}</UniqueIdentifier>
    </Filter>
    <Filter Include="..\..\..\Dependencies\SDL_shadercross\external\SPIRV-Headers\include\spirv\unified1">
      <UniqueIdentifier>{F725401B-63E7-7259-EC1C-E13C58DD9E12}</UniqueIdentifier>
    </Filter>
    <Filter Include="..\..\..\Dependencies\SDL_shadercross\premake">
      <UniqueIdentifier>{F310BC16-5F81-BE8F-28A0-381894CFF690}</UniqueIdentifier>
    </Filter>
    <Filter Include="..\..\..\Dependencies\glm">
      <UniqueIdentifier>{1C737D5C-8835-B1E6-D1E5-3F733DE789C4}</UniqueIdentifier>
    </Filter>
    <Filter Include="..\..\..\Dependencies\googletest">
      <UniqueIdentifier>{B9F1AA69-A542-96AB-CEA6-846DBA562915}</UniqueIdentifier>
    </Filter>
    <Filter Include="..\..\..\Dependencies\googletest\googlemock">
      <UniqueIdentifier>{6FAFF350-DB14-87D7-64ED-28B0D0517C46}</UniqueIdentifier>
    </Filter>
    <Filter Include="..\..\..\Dependencies\googletest\googletest">
      <UniqueIdentifier>{A55DF750-11C3-8AD7-9A9B-2CB006008046}</UniqueIdentifier>
    </Filter>
    <Filter Include="..\..\..\Dependencies\nlohmann_json">
      <UniqueIdentifier>{502FE92B-BCE8-53D6-4548-6EB0B1000A46}</UniqueIdentifier>
    </Filter>
    <Filter Include="..\..\..\Dependencies\spdlog">
      <UniqueIdentifier>{E521BFC2-D1DC-AE6E-7A94-27B9662EF9FE}</UniqueIdentifier>
    </Filter>
    <Filter Include="..\..\..\Dependencies\stbimg">
      <UniqueIdentifier>{225E06C3-0E19-F66E-B7D0-6EB9A36A40FF}</UniqueIdentifier>
    </Filter>
    <Filter Include="..\..\..\Dependencies\sys_info">
      <UniqueIdentifier>{E655EA45-D27B-B4AC-BBC1-3978A786D978}</UniqueIdentifier>
    </Filter>
    <Filter Include="..\..\..\Engine">
      <UniqueIdentifier>{FC7B62D5-6807-D099-7118-538EDD222C9A}</UniqueIdentifier>
    </Filter>
    <Filter Include="..\..\..\Engine\Tests">
      <UniqueIdentifier>{BE63324C-2AD0-ED46-F3C3-85A45FEF0FAF}</UniqueIdentifier>
    </Filter>
    <Filter Include="..\..\..\Examples">
      <UniqueIdentifier>{C57C02AC-3193-0042-7A0A-8C63E65FD1C9}</UniqueIdentifier>
    </Filter>
    <Filter Include="..\..\..\Examples\Simple App">
      <UniqueIdentifier>{3F3C664E-2BF7-55FA-D4AE-CE44C048A08A}</UniqueIdentifier>
    </Filter>
    <Filter Include="..\..\..\Launcher">
      <UniqueIdentifier>{B8EC0566-2403-04FC-6D7A-8F1DD9CFD483}</UniqueIdentifier>
    </Filter>
    <Filter Include="..\..\..\Plugins">
      <UniqueIdentifier>{2871C4CC-146A-E31E-3D9C-C8A329F4C22A}</UniqueIdentifier>
    </Filter>
    <Filter Include="..\..\..\Plugins\Toybox-ImGui-DebugUI-Plugin">
      <UniqueIdentifier>{92C2D120-7ED5-D179-27BF-AE6613B16EC7}</UniqueIdentifier>
    </Filter>
    <Filter Include="..\..\..\Plugins\Toybox-SDL-Input-Plugin">
      <UniqueIdentifier>{C5DDE56B-B15A-D9AE-DAD7-D9C2C6B37542}</UniqueIdentifier>
    </Filter>
    <Filter Include="..\..\..\Plugins\Toybox-SDL-Rendering-Plugin">
      <UniqueIdentifier>{53684143-3F7B-419C-E864-1E89D456DEE9}</UniqueIdentifier>
    </Filter>
    <Filter Include="..\..\..\Plugins\Toybox-SDL-Windowing-Plugin">
      <UniqueIdentifier>{CB0CBA91-B71F-BAEA-6009-97D74CFB5638}</UniqueIdentifier>
    </Filter>
    <Filter Include="..\..\..\Plugins\Toybox-Spd-Logging-Plugin">
      <UniqueIdentifier>{400E4EB6-2C76-1484-95E1-289A81682B70}</UniqueIdentifier>
    </Filter>
  </ItemGroup>
  <ItemGroup>
    <None Include="..\..\..\Dependencies\ImGui\premake5.lua">
      <Filter>..\..\..\Dependencies\ImGui</Filter>
    </None>
    <None Include="..\..\..\Dependencies\SDL\examples\highlight-plugin.lua">
      <Filter>..\..\..\Dependencies\SDL\examples</Filter>
    </None>
    <None Include="..\..\..\Dependencies\SDL\premake\premakeFromCmake.lua">
      <Filter>..\..\..\Dependencies\SDL\premake</Filter>
    </None>
    <None Include="..\..\..\Dependencies\SDL\premake\premakeFromFolder.lua">
      <Filter>..\..\..\Dependencies\SDL\premake</Filter>
    </None>
    <None Include="..\..\..\Dependencies\SDL\premake\premakeRunnerProj.lua">
      <Filter>..\..\..\Dependencies\SDL\premake</Filter>
    </None>
    <None Include="..\..\..\Dependencies\SDL\premake5.lua">
      <Filter>..\..\..\Dependencies\SDL</Filter>
    </None>
    <None Include="..\..\..\Dependencies\SDL_shadercross\external\DirectXShaderCompiler\external\SPIRV-Headers\include\spirv\1.0\spirv.lua">
      <Filter>..\..\..\Dependencies\SDL_shadercross\external\DirectXShaderCompiler\external\SPIRV-Headers\include\spirv\1.0</Filter>
    </None>
    <None Include="..\..\..\Dependencies\SDL_shadercross\external\DirectXShaderCompiler\external\SPIRV-Headers\include\spirv\1.1\spirv.lua">
      <Filter>..\..\..\Dependencies\SDL_shadercross\external\DirectXShaderCompiler\external\SPIRV-Headers\include\spirv\1.1</Filter>
    </None>
    <None Include="..\..\..\Dependencies\SDL_shadercross\external\DirectXShaderCompiler\external\SPIRV-Headers\include\spirv\1.2\spirv.lua">
      <Filter>..\..\..\Dependencies\SDL_shadercross\external\DirectXShaderCompiler\external\SPIRV-Headers\include\spirv\1.2</Filter>
    </None>
    <None Include="..\..\..\Dependencies\SDL_shadercross\external\DirectXShaderCompiler\external\SPIRV-Headers\include\spirv\unified1\spirv.lua">
      <Filter>..\..\..\Dependencies\SDL_shadercross\external\DirectXShaderCompiler\external\SPIRV-Headers\include\spirv\unified1</Filter>
    </None>
    <None Include="..\..\..\Dependencies\SDL_shadercross\external\SPIRV-Headers\include\spirv\1.0\spirv.lua">
      <Filter>..\..\..\Dependencies\SDL_shadercross\external\SPIRV-Headers\include\spirv\1.0</Filter>
    </None>
    <None Include="..\..\..\Dependencies\SDL_shadercross\external\SPIRV-Headers\include\spirv\1.1\spirv.lua">
      <Filter>..\..\..\Dependencies\SDL_shadercross\external\SPIRV-Headers\include\spirv\1.1</Filter>
    </None>
    <None Include="..\..\..\Dependencies\SDL_shadercross\external\SPIRV-Headers\include\spirv\1.2\spirv.lua">
      <Filter>..\..\..\Dependencies\SDL_shadercross\external\SPIRV-Headers\include\spirv\1.2</Filter>
    </None>
    <None Include="..\..\..\Dependencies\SDL_shadercross\external\SPIRV-Headers\include\spirv\unified1\spirv.lua">
      <Filter>..\..\..\Dependencies\SDL_shadercross\external\SPIRV-Headers\include\spirv\unified1</Filter>
    </None>
    <None Include="..\..\..\Dependencies\SDL_shadercross\premake\premakeFromCmake.lua">
      <Filter>..\..\..\Dependencies\SDL_shadercross\premake</Filter>
    </None>
    <None Include="..\..\..\Dependencies\SDL_shadercross\premake\premakeFromFolder.lua">
      <Filter>..\..\..\Dependencies\SDL_shadercross\premake</Filter>
    </None>
    <None Include="..\..\..\Dependencies\SDL_shadercross\premake\premakeRunnerProj.lua">
      <Filter>..\..\..\Dependencies\SDL_shadercross\premake</Filter>
    </None>
    <None Include="..\..\..\Dependencies\SDL_shadercross\premake5.lua">
      <Filter>..\..\..\Dependencies\SDL_shadercross</Filter>
    </None>
    <None Include="..\..\..\Dependencies\glm\premake5.lua">
      <Filter>..\..\..\Dependencies\glm</Filter>
    </None>
    <None Include="..\..\..\Dependencies\googletest\googlemock\premake5.lua">
      <Filter>..\..\..\Dependencies\googletest\googlemock</Filter>
    </None>
    <None Include="..\..\..\Dependencies\googletest\googletest\premake5.lua">
      <Filter>..\..\..\Dependencies\googletest\googletest</Filter>
    </None>
    <None Include="..\..\..\Dependencies\googletest\premake5.lua">
      <Filter>..\..\..\Dependencies\googletest</Filter>
    </None>
    <None Include="..\..\..\Dependencies\nlohmann_json\premake5.lua">
      <Filter>..\..\..\Dependencies\nlohmann_json</Filter>
    </None>
    <None Include="..\..\..\Dependencies\spdlog\premake5.lua">
      <Filter>..\..\..\Dependencies\spdlog</Filter>
    </None>
    <None Include="..\..\..\Dependencies\stbimg\premake5.lua">
      <Filter>..\..\..\Dependencies\stbimg</Filter>
    </None>
    <None Include="..\..\..\Dependencies\sys_info\premake5.lua">
      <Filter>..\..\..\Dependencies\sys_info</Filter>
    </None>
    <None Include="..\..\..\Engine\Tests\premake5.lua">
      <Filter>..\..\..\Engine\Tests</Filter>
    </None>
    <None Include="..\..\..\Engine\premake5.lua">
      <Filter>..\..\..\Engine</Filter>
    </None>
    <None Include="..\..\..\Examples\Simple App\premake5.lua">
      <Filter>..\..\..\Examples\Simple App</Filter>
    </None>
    <None Include="..\..\..\Launcher\premake5.lua">
      <Filter>..\..\..\Launcher</Filter>
    </None>
    <None Include="..\..\..\Plugins\Toybox-ImGui-DebugUI-Plugin\premake5.lua">
      <Filter>..\..\..\Plugins\Toybox-ImGui-DebugUI-Plugin</Filter>
    </None>
    <None Include="..\..\..\Plugins\Toybox-SDL-Input-Plugin\premake5.lua">
      <Filter>..\..\..\Plugins\Toybox-SDL-Input-Plugin</Filter>
    </None>
    <None Include="..\..\..\Plugins\Toybox-SDL-Rendering-Plugin\premake5.lua">
      <Filter>..\..\..\Plugins\Toybox-SDL-Rendering-Plugin</Filter>
    </None>
    <None Include="..\..\..\Plugins\Toybox-SDL-Windowing-Plugin\premake5.lua">
      <Filter>..\..\..\Plugins\Toybox-SDL-Windowing-Plugin</Filter>
    </None>
    <None Include="..\..\..\Plugins\Toybox-Spd-Logging-Plugin\premake5.lua">
      <Filter>..\..\..\Plugins\Toybox-Spd-Logging-Plugin</Filter>
    </None>
    <None Include="..\..\..\premake5.lua">
      <Filter>..\..\..</Filter>
    </None>
    <None Include="..\..\..\premakeTbxUtils.lua">
      <Filter>..\..\..</Filter>
    </None>
    <None Include="..\premake5proj.lua">
      <Filter>..</Filter>
    </None>
    <None Include="premakeFromCmake.lua" />
    <None Include="premakeFromFolder.lua" />
    <None Include="premakeGenerateBuildToRunProject.lua" />
  </ItemGroup>
</Project>